
Microsoft Visual Studio Solution File, Format Version 12.00
# Visual Studio Version 16
VisualStudioVersion = 16.0.34601.136
MinimumVisualStudioVersion = 10.0.40219.1
Project("{FAE04EC0-301F-11D3-BF4B-00C04F79EFBC}") = "Track_Kwality", "Track_Kwality\Track_Kwality.csproj", "{B1233236-9498-4049-A87F-84F22C8769E7}"
EndProject
Project("{FAE04EC0-301F-11D3-BF4B-00C04F79EFBC}") = "DAL", "DAL\DAL.csproj", "{BF2DD7B2-F77E-4154-885D-AB9DC759FA6B}"
EndProject
Project("{FAE04EC0-301F-11D3-BF4B-00C04F79EFBC}") = "BLL", "BLL\BLL.csproj", "{A34008C9-0CB2-431F-853B-2722F9D95905}"
EndProject
Global
	GlobalSection(SolutionConfigurationPlatforms) = preSolution
		Debug|Any CPU = Debug|Any CPU
		Release|Any CPU = Release|Any CPU
	EndGlobalSection
	GlobalSection(ProjectConfigurationPlatforms) = postSolution
		{B1233236-9498-4049-A87F-84F22C8769E7}.Debug|Any CPU.ActiveCfg = Debug|Any CPU
		{B1233236-9498-4049-A87F-84F22C8769E7}.Debug|Any CPU.Build.0 = Debug|Any CPU
		{B1233236-9498-4049-A87F-84F22C8769E7}.Release|Any CPU.ActiveCfg = Release|Any CPU
		{B1233236-9498-4049-A87F-84F22C8769E7}.Release|Any CPU.Build.0 = Release|Any CPU
		{BF2DD7B2-F77E-4154-885D-AB9DC759FA6B}.Debug|Any CPU.ActiveCfg = Debug|Any CPU
		{BF2DD7B2-F77E-4154-885D-AB9DC759FA6B}.Debug|Any CPU.Build.0 = Debug|Any CPU
		{BF2DD7B2-F77E-4154-885D-AB9DC759FA6B}.Release|Any CPU.ActiveCfg = Release|Any CPU
		{BF2DD7B2-F77E-4154-885D-AB9DC759FA6B}.Release|Any CPU.Build.0 = Release|Any CPU
		{A34008C9-0CB2-431F-853B-2722F9D95905}.Debug|Any CPU.ActiveCfg = Debug|Any CPU
		{A34008C9-0CB2-431F-853B-2722F9D95905}.Debug|Any CPU.Build.0 = Debug|Any CPU
		{A34008C9-0CB2-431F-853B-2722F9D95905}.Release|Any CPU.ActiveCfg = Release|Any CPU
		{A34008C9-0CB2-431F-853B-2722F9D95905}.Release|Any CPU.Build.0 = Release|Any CPU
	EndGlobalSection
	GlobalSection(SolutionProperties) = preSolution
		HideSolutionNode = FALSE
	EndGlobalSection
	GlobalSection(ExtensibilityGlobals) = postSolution
		SolutionGuid = {28EDB9B5-99E2-4940-BF64-DDA9431FC35D}
	EndGlobalSection
EndGlobal
